
Microsoft Visual Studio Solution File, Format Version 12.00
# Visual Studio Version 17
VisualStudioVersion = 17.1.32210.238
MinimumVisualStudioVersion = 10.0.40219.1
Project("{2150E333-8FDC-42A3-9474-1A3956D46DE8}") = "07-Exercicio", "07-Exercicio", "{B786EFD8-3920-4C99-85B7-3AAC19EBC973}"
EndProject
Project("{FAE04EC0-301F-11D3-BF4B-00C04F79EFBC}") = "Exercicio.Sete", "Exercicio.Sete\Exercicio.Sete.csproj", "{3F362190-2B6C-4C3D-8F42-F45957B1B452}"
EndProject
Project("{2150E333-8FDC-42A3-9474-1A3956D46DE8}") = "08-Exercicio", "08-Exercicio", "{608FF972-D137-4DF3-957D-293E6D3C7850}"
EndProject
Project("{FAE04EC0-301F-11D3-BF4B-00C04F79EFBC}") = "Exercicio.Oito", "Exercicio.Oito\Exercicio.Oito.csproj", "{D4FE7272-123C-42C6-A432-49A28DF7D422}"
EndProject
Project("{2150E333-8FDC-42A3-9474-1A3956D46DE8}") = "09-Exercicio", "09-Exercicio", "{A8357189-01F5-4E7A-94BE-4D009FA28225}"
EndProject
Project("{FAE04EC0-301F-11D3-BF4B-00C04F79EFBC}") = "Exercicio.Nove", "Exercicio.Nove\Exercicio.Nove.csproj", "{C8DBE7C4-87B2-4A7D-921A-FFBADD65F4C2}"
EndProject
Global
	GlobalSection(SolutionConfigurationPlatforms) = preSolution
		Debug|Any CPU = Debug|Any CPU
		Release|Any CPU = Release|Any CPU
	EndGlobalSection
	GlobalSection(ProjectConfigurationPlatforms) = postSolution
		{3F362190-2B6C-4C3D-8F42-F45957B1B452}.Debug|Any CPU.ActiveCfg = Debug|Any CPU
		{3F362190-2B6C-4C3D-8F42-F45957B1B452}.Debug|Any CPU.Build.0 = Debug|Any CPU
		{3F362190-2B6C-4C3D-8F42-F45957B1B452}.Release|Any CPU.ActiveCfg = Release|Any CPU
		{3F362190-2B6C-4C3D-8F42-F45957B1B452}.Release|Any CPU.Build.0 = Release|Any CPU
		{D4FE7272-123C-42C6-A432-49A28DF7D422}.Debug|Any CPU.ActiveCfg = Debug|Any CPU
		{D4FE7272-123C-42C6-A432-49A28DF7D422}.Debug|Any CPU.Build.0 = Debug|Any CPU
		{D4FE7272-123C-42C6-A432-49A28DF7D422}.Release|Any CPU.ActiveCfg = Release|Any CPU
		{D4FE7272-123C-42C6-A432-49A28DF7D422}.Release|Any CPU.Build.0 = Release|Any CPU
		{C8DBE7C4-87B2-4A7D-921A-FFBADD65F4C2}.Debug|Any CPU.ActiveCfg = Debug|Any CPU
		{C8DBE7C4-87B2-4A7D-921A-FFBADD65F4C2}.Debug|Any CPU.Build.0 = Debug|Any CPU
		{C8DBE7C4-87B2-4A7D-921A-FFBADD65F4C2}.Release|Any CPU.ActiveCfg = Release|Any CPU
		{C8DBE7C4-87B2-4A7D-921A-FFBADD65F4C2}.Release|Any CPU.Build.0 = Release|Any CPU
	EndGlobalSection
	GlobalSection(SolutionProperties) = preSolution
		HideSolutionNode = FALSE
	EndGlobalSection
	GlobalSection(NestedProjects) = preSolution
		{3F362190-2B6C-4C3D-8F42-F45957B1B452} = {B786EFD8-3920-4C99-85B7-3AAC19EBC973}
		{D4FE7272-123C-42C6-A432-49A28DF7D422} = {608FF972-D137-4DF3-957D-293E6D3C7850}
		{C8DBE7C4-87B2-4A7D-921A-FFBADD65F4C2} = {A8357189-01F5-4E7A-94BE-4D009FA28225}
	EndGlobalSection
	GlobalSection(ExtensibilityGlobals) = postSolution
		SolutionGuid = {ACE7A9FF-BA19-4F5D-9541-444C6BCB7FD3}
	EndGlobalSection
EndGlobal
